
Microsoft Visual Studio Solution File, Format Version 12.00
# Visual Studio Version 17
VisualStudioVersion = 17.5.002.0
MinimumVisualStudioVersion = 10.0.40219.1
Project("{9A19103F-16F7-4668-BE54-9A1E7A4F7556}") = "WebApplication", "WebApplication.csproj", "{B866B010-789D-4A98-B619-F0228E41E0A7}"
EndProject
Global
	GlobalSection(SolutionConfigurationPlatforms) = preSolution
		Debug|Any CPU = Debug|Any CPU
		Release|Any CPU = Release|Any CPU
	EndGlobalSection
	GlobalSection(ProjectConfigurationPlatforms) = postSolution
		{B866B010-789D-4A98-B619-F0228E41E0A7}.Debug|Any CPU.ActiveCfg = Debug|Any CPU
		{B866B010-789D-4A98-B619-F0228E41E0A7}.Debug|Any CPU.Build.0 = Debug|Any CPU
		{B866B010-789D-4A98-B619-F0228E41E0A7}.Release|Any CPU.ActiveCfg = Release|Any CPU
		{B866B010-789D-4A98-B619-F0228E41E0A7}.Release|Any CPU.Build.0 = Release|Any CPU
	EndGlobalSection
	GlobalSection(SolutionProperties) = preSolution
		HideSolutionNode = FALSE
	EndGlobalSection
	GlobalSection(ExtensibilityGlobals) = postSolution
		SolutionGuid = {FD576951-D267-4AB1-919E-ABA67B1D3158}
	EndGlobalSection
EndGlobal
