
Microsoft Visual Studio Solution File, Format Version 12.00
# Visual Studio Version 17
VisualStudioVersion = 17.9.34714.143
MinimumVisualStudioVersion = 10.0.40219.1
Project("{FAE04EC0-301F-11D3-BF4B-00C04F79EFBC}") = "WebApplication1", "WebApplication1\WebApplication1.csproj", "{042195FD-5FCA-4753-B9F1-69D344023184}"
EndProject
Global
	GlobalSection(SolutionConfigurationPlatforms) = preSolution
		Debug|Any CPU = Debug|Any CPU
		Release|Any CPU = Release|Any CPU
	EndGlobalSection
	GlobalSection(ProjectConfigurationPlatforms) = postSolution
		{042195FD-5FCA-4753-B9F1-69D344023184}.Debug|Any CPU.ActiveCfg = Debug|Any CPU
		{042195FD-5FCA-4753-B9F1-69D344023184}.Debug|Any CPU.Build.0 = Debug|Any CPU
		{042195FD-5FCA-4753-B9F1-69D344023184}.Release|Any CPU.ActiveCfg = Release|Any CPU
		{042195FD-5FCA-4753-B9F1-69D344023184}.Release|Any CPU.Build.0 = Release|Any CPU
	EndGlobalSection
	GlobalSection(SolutionProperties) = preSolution
		HideSolutionNode = FALSE
	EndGlobalSection
	GlobalSection(ExtensibilityGlobals) = postSolution
		SolutionGuid = {FB024357-154F-473E-8AE8-758B4F4FAF34}
	EndGlobalSection
EndGlobal
