
Microsoft Visual Studio Solution File, Format Version 12.00
# Visual Studio Version 17
VisualStudioVersion = 17.9.34723.18
MinimumVisualStudioVersion = 10.0.40219.1
Project("{9A19103F-16F7-4668-BE54-9A1E7A4F7556}") = "WebApplication", "WebApplication\WebApplication.csproj", "{0F8E6C07-5056-4430-A201-76573CD8D27F}"
EndProject
Global
	GlobalSection(SolutionConfigurationPlatforms) = preSolution
		Debug|Any CPU = Debug|Any CPU
		Release|Any CPU = Release|Any CPU
	EndGlobalSection
	GlobalSection(ProjectConfigurationPlatforms) = postSolution
		{0F8E6C07-5056-4430-A201-76573CD8D27F}.Debug|Any CPU.ActiveCfg = Debug|Any CPU
		{0F8E6C07-5056-4430-A201-76573CD8D27F}.Debug|Any CPU.Build.0 = Debug|Any CPU
		{0F8E6C07-5056-4430-A201-76573CD8D27F}.Release|Any CPU.ActiveCfg = Release|Any CPU
		{0F8E6C07-5056-4430-A201-76573CD8D27F}.Release|Any CPU.Build.0 = Release|Any CPU
	EndGlobalSection
	GlobalSection(SolutionProperties) = preSolution
		HideSolutionNode = FALSE
	EndGlobalSection
	GlobalSection(ExtensibilityGlobals) = postSolution
		SolutionGuid = {1B3DED24-C7B1-49E2-BF65-B0D2D74CF6AC}
	EndGlobalSection
EndGlobal
