
Microsoft Visual Studio Solution File, Format Version 12.00
# Visual Studio Version 17
VisualStudioVersion = 17.8.34330.188
MinimumVisualStudioVersion = 10.0.40219.1
Project("{2150E333-8FDC-42A3-9474-1A3956D46DE8}") = "1 - Web", "1 - Web", "{B99CE384-BF57-45A2-93CD-F1F3AD76D261}"
EndProject
Project("{2150E333-8FDC-42A3-9474-1A3956D46DE8}") = "2 - Domain", "2 - Domain", "{2413034C-B545-4B52-A33E-BFC623C4A73B}"
EndProject
Project("{2150E333-8FDC-42A3-9474-1A3956D46DE8}") = "3 - Infrastructure", "3 - Infrastructure", "{FBC64368-474F-4437-8147-F475ED61E962}"
EndProject
Project("{2150E333-8FDC-42A3-9474-1A3956D46DE8}") = "4 - Database", "4 - Database", "{51195208-E0DC-49B8-BB7C-29815CBA6BB1}"
EndProject
Project("{2150E333-8FDC-42A3-9474-1A3956D46DE8}") = "5 - Adapters", "5 - Adapters", "{6C294D57-788C-4918-A4E5-6692EE6D1607}"
EndProject
Project("{00D1A9C2-B5F0-4AF3-8072-F6C62B433612}") = "AdSetDesafio.Database", "AdSetDesafio.Database\AdSetDesafio.Database.sqlproj", "{6E6A92CC-E746-4D3C-BDDD-F8CEC5377E79}"
EndProject
Project("{9A19103F-16F7-4668-BE54-9A1E7A4F7556}") = "AdSetDesafio.Web", "AdSetDesafio.Web\AdSetDesafio.Web.csproj", "{BDB9B887-7A05-4D09-AFFA-6BC16C319A14}"
EndProject
Project("{9A19103F-16F7-4668-BE54-9A1E7A4F7556}") = "AdSetDesafio.Web.API", "AdSetDesafio.Web.API\AdSetDesafio.Web.API.csproj", "{0DB05166-05D7-4440-A747-E5C26B66D414}"
EndProject
Project("{9A19103F-16F7-4668-BE54-9A1E7A4F7556}") = "AdSetDesafio.Domain.Common", "AdSetDesafio.Domain.Common\AdSetDesafio.Domain.Common.csproj", "{21F7E3CF-46F8-418B-8BEF-DD1034A70467}"
	ProjectSection(ProjectDependencies) = postProject
		{640C1A54-6894-44A2-B94C-844F56974423} = {640C1A54-6894-44A2-B94C-844F56974423}
	EndProjectSection
EndProject
Project("{9A19103F-16F7-4668-BE54-9A1E7A4F7556}") = "AdSetDesafio.Infrastructure.AutoMapper", "AdSetDesafio.Infrastructure.AutoMapper\AdSetDesafio.Infrastructure.AutoMapper.csproj", "{0736C317-8E9E-403D-B33A-EECF2AD48F53}"
	ProjectSection(ProjectDependencies) = postProject
		{0CEDC467-C644-4DB6-B29E-7D126ABA843D} = {0CEDC467-C644-4DB6-B29E-7D126ABA843D}
		{21F7E3CF-46F8-418B-8BEF-DD1034A70467} = {21F7E3CF-46F8-418B-8BEF-DD1034A70467}
		{640C1A54-6894-44A2-B94C-844F56974423} = {640C1A54-6894-44A2-B94C-844F56974423}
		{97C9097C-0C3C-4A63-99FC-D397C8279D49} = {97C9097C-0C3C-4A63-99FC-D397C8279D49}
	EndProjectSection
EndProject
Project("{9A19103F-16F7-4668-BE54-9A1E7A4F7556}") = "AdSetDesafio.Infrastructure", "AdSetDesafio.Infrastructure\AdSetDesafio.Infrastructure.csproj", "{640C1A54-6894-44A2-B94C-844F56974423}"
EndProject
Project("{9A19103F-16F7-4668-BE54-9A1E7A4F7556}") = "AdSetDesafio.Infrastructure.Sql", "AdSetDesafio.Infrastructure.Sql\AdSetDesafio.Infrastructure.Sql.csproj", "{F94432C7-EE25-4F99-A14D-E129ED46168C}"
	ProjectSection(ProjectDependencies) = postProject
		{21F7E3CF-46F8-418B-8BEF-DD1034A70467} = {21F7E3CF-46F8-418B-8BEF-DD1034A70467}
		{640C1A54-6894-44A2-B94C-844F56974423} = {640C1A54-6894-44A2-B94C-844F56974423}
	EndProjectSection
EndProject
Project("{9A19103F-16F7-4668-BE54-9A1E7A4F7556}") = "AdSetDesafio.Infrastructure.ViewModel", "AdSetDesafio.Infrastructure.ViewModel\AdSetDesafio.Infrastructure.ViewModel.csproj", "{0CEDC467-C644-4DB6-B29E-7D126ABA843D}"
	ProjectSection(ProjectDependencies) = postProject
		{21F7E3CF-46F8-418B-8BEF-DD1034A70467} = {21F7E3CF-46F8-418B-8BEF-DD1034A70467}
	EndProjectSection
EndProject
Project("{9A19103F-16F7-4668-BE54-9A1E7A4F7556}") = "AdSetDesafio.Adapters.XLSX", "AdSetDesafio.Adapters.XLSX\AdSetDesafio.Adapters.XLSX.csproj", "{97C9097C-0C3C-4A63-99FC-D397C8279D49}"
	ProjectSection(ProjectDependencies) = postProject
		{21F7E3CF-46F8-418B-8BEF-DD1034A70467} = {21F7E3CF-46F8-418B-8BEF-DD1034A70467}
	EndProjectSection
EndProject
Project("{9A19103F-16F7-4668-BE54-9A1E7A4F7556}") = "AdSetDesafio.Domain", "AdSetDesafio.Domain\AdSetDesafio.Domain.csproj", "{3F97F515-AC34-44B8-BE9F-8081F371A675}"
EndProject
Global
	GlobalSection(SolutionConfigurationPlatforms) = preSolution
		Debug|Any CPU = Debug|Any CPU
		Release|Any CPU = Release|Any CPU
	EndGlobalSection
	GlobalSection(ProjectConfigurationPlatforms) = postSolution
		{6E6A92CC-E746-4D3C-BDDD-F8CEC5377E79}.Debug|Any CPU.ActiveCfg = Debug|Any CPU
		{6E6A92CC-E746-4D3C-BDDD-F8CEC5377E79}.Debug|Any CPU.Build.0 = Debug|Any CPU
		{6E6A92CC-E746-4D3C-BDDD-F8CEC5377E79}.Debug|Any CPU.Deploy.0 = Debug|Any CPU
		{6E6A92CC-E746-4D3C-BDDD-F8CEC5377E79}.Release|Any CPU.ActiveCfg = Release|Any CPU
		{6E6A92CC-E746-4D3C-BDDD-F8CEC5377E79}.Release|Any CPU.Build.0 = Release|Any CPU
		{6E6A92CC-E746-4D3C-BDDD-F8CEC5377E79}.Release|Any CPU.Deploy.0 = Release|Any CPU
		{BDB9B887-7A05-4D09-AFFA-6BC16C319A14}.Debug|Any CPU.ActiveCfg = Debug|Any CPU
		{BDB9B887-7A05-4D09-AFFA-6BC16C319A14}.Debug|Any CPU.Build.0 = Debug|Any CPU
		{BDB9B887-7A05-4D09-AFFA-6BC16C319A14}.Release|Any CPU.ActiveCfg = Release|Any CPU
		{BDB9B887-7A05-4D09-AFFA-6BC16C319A14}.Release|Any CPU.Build.0 = Release|Any CPU
		{0DB05166-05D7-4440-A747-E5C26B66D414}.Debug|Any CPU.ActiveCfg = Debug|Any CPU
		{0DB05166-05D7-4440-A747-E5C26B66D414}.Debug|Any CPU.Build.0 = Debug|Any CPU
		{0DB05166-05D7-4440-A747-E5C26B66D414}.Release|Any CPU.ActiveCfg = Release|Any CPU
		{0DB05166-05D7-4440-A747-E5C26B66D414}.Release|Any CPU.Build.0 = Release|Any CPU
		{21F7E3CF-46F8-418B-8BEF-DD1034A70467}.Debug|Any CPU.ActiveCfg = Debug|Any CPU
		{21F7E3CF-46F8-418B-8BEF-DD1034A70467}.Debug|Any CPU.Build.0 = Debug|Any CPU
		{21F7E3CF-46F8-418B-8BEF-DD1034A70467}.Release|Any CPU.ActiveCfg = Release|Any CPU
		{21F7E3CF-46F8-418B-8BEF-DD1034A70467}.Release|Any CPU.Build.0 = Release|Any CPU
		{0736C317-8E9E-403D-B33A-EECF2AD48F53}.Debug|Any CPU.ActiveCfg = Debug|Any CPU
		{0736C317-8E9E-403D-B33A-EECF2AD48F53}.Debug|Any CPU.Build.0 = Debug|Any CPU
		{0736C317-8E9E-403D-B33A-EECF2AD48F53}.Release|Any CPU.ActiveCfg = Release|Any CPU
		{0736C317-8E9E-403D-B33A-EECF2AD48F53}.Release|Any CPU.Build.0 = Release|Any CPU
		{640C1A54-6894-44A2-B94C-844F56974423}.Debug|Any CPU.ActiveCfg = Debug|Any CPU
		{640C1A54-6894-44A2-B94C-844F56974423}.Debug|Any CPU.Build.0 = Debug|Any CPU
		{640C1A54-6894-44A2-B94C-844F56974423}.Release|Any CPU.ActiveCfg = Release|Any CPU
		{640C1A54-6894-44A2-B94C-844F56974423}.Release|Any CPU.Build.0 = Release|Any CPU
		{F94432C7-EE25-4F99-A14D-E129ED46168C}.Debug|Any CPU.ActiveCfg = Debug|Any CPU
		{F94432C7-EE25-4F99-A14D-E129ED46168C}.Debug|Any CPU.Build.0 = Debug|Any CPU
		{F94432C7-EE25-4F99-A14D-E129ED46168C}.Release|Any CPU.ActiveCfg = Release|Any CPU
		{F94432C7-EE25-4F99-A14D-E129ED46168C}.Release|Any CPU.Build.0 = Release|Any CPU
		{0CEDC467-C644-4DB6-B29E-7D126ABA843D}.Debug|Any CPU.ActiveCfg = Debug|Any CPU
		{0CEDC467-C644-4DB6-B29E-7D126ABA843D}.Debug|Any CPU.Build.0 = Debug|Any CPU
		{0CEDC467-C644-4DB6-B29E-7D126ABA843D}.Release|Any CPU.ActiveCfg = Release|Any CPU
		{0CEDC467-C644-4DB6-B29E-7D126ABA843D}.Release|Any CPU.Build.0 = Release|Any CPU
		{97C9097C-0C3C-4A63-99FC-D397C8279D49}.Debug|Any CPU.ActiveCfg = Debug|Any CPU
		{97C9097C-0C3C-4A63-99FC-D397C8279D49}.Debug|Any CPU.Build.0 = Debug|Any CPU
		{97C9097C-0C3C-4A63-99FC-D397C8279D49}.Release|Any CPU.ActiveCfg = Release|Any CPU
		{97C9097C-0C3C-4A63-99FC-D397C8279D49}.Release|Any CPU.Build.0 = Release|Any CPU
		{3F97F515-AC34-44B8-BE9F-8081F371A675}.Debug|Any CPU.ActiveCfg = Debug|Any CPU
		{3F97F515-AC34-44B8-BE9F-8081F371A675}.Debug|Any CPU.Build.0 = Debug|Any CPU
		{3F97F515-AC34-44B8-BE9F-8081F371A675}.Release|Any CPU.ActiveCfg = Release|Any CPU
		{3F97F515-AC34-44B8-BE9F-8081F371A675}.Release|Any CPU.Build.0 = Release|Any CPU
	EndGlobalSection
	GlobalSection(SolutionProperties) = preSolution
		HideSolutionNode = FALSE
	EndGlobalSection
	GlobalSection(NestedProjects) = preSolution
		{6E6A92CC-E746-4D3C-BDDD-F8CEC5377E79} = {51195208-E0DC-49B8-BB7C-29815CBA6BB1}
		{BDB9B887-7A05-4D09-AFFA-6BC16C319A14} = {B99CE384-BF57-45A2-93CD-F1F3AD76D261}
		{0DB05166-05D7-4440-A747-E5C26B66D414} = {B99CE384-BF57-45A2-93CD-F1F3AD76D261}
		{21F7E3CF-46F8-418B-8BEF-DD1034A70467} = {2413034C-B545-4B52-A33E-BFC623C4A73B}
		{0736C317-8E9E-403D-B33A-EECF2AD48F53} = {FBC64368-474F-4437-8147-F475ED61E962}
		{640C1A54-6894-44A2-B94C-844F56974423} = {FBC64368-474F-4437-8147-F475ED61E962}
		{F94432C7-EE25-4F99-A14D-E129ED46168C} = {FBC64368-474F-4437-8147-F475ED61E962}
		{0CEDC467-C644-4DB6-B29E-7D126ABA843D} = {FBC64368-474F-4437-8147-F475ED61E962}
		{97C9097C-0C3C-4A63-99FC-D397C8279D49} = {6C294D57-788C-4918-A4E5-6692EE6D1607}
		{3F97F515-AC34-44B8-BE9F-8081F371A675} = {2413034C-B545-4B52-A33E-BFC623C4A73B}
	EndGlobalSection
	GlobalSection(ExtensibilityGlobals) = postSolution
		SolutionGuid = {B17B1BFC-E28A-492F-9585-5F79236E04F6}
	EndGlobalSection
EndGlobal
