
Microsoft Visual Studio Solution File, Format Version 12.00
# Visual Studio Version 17
VisualStudioVersion = 17.8.34330.188
MinimumVisualStudioVersion = 10.0.40219.1
Project("{2150E333-8FDC-42A3-9474-1A3956D46DE8}") = "1 - Web", "1 - Web", "{B99CE384-BF57-45A2-93CD-F1F3AD76D261}"
EndProject
Project("{2150E333-8FDC-42A3-9474-1A3956D46DE8}") = "2 - Domain", "2 - Domain", "{2413034C-B545-4B52-A33E-BFC623C4A73B}"
EndProject
Project("{2150E333-8FDC-42A3-9474-1A3956D46DE8}") = "3 - Infrastructure", "3 - Infrastructure", "{FBC64368-474F-4437-8147-F475ED61E962}"
EndProject
Project("{2150E333-8FDC-42A3-9474-1A3956D46DE8}") = "4 - Database", "4 - Database", "{51195208-E0DC-49B8-BB7C-29815CBA6BB1}"
EndProject
Project("{2150E333-8FDC-42A3-9474-1A3956D46DE8}") = "5 - Adapters", "5 - Adapters", "{6C294D57-788C-4918-A4E5-6692EE6D1607}"
EndProject
Project("{9A19103F-16F7-4668-BE54-9A1E7A4F7556}") = "AdSetDesafio.Web", "adSetDesafio.Web\AdSetDesafio.Web.csproj", "{2A52FDF3-863B-482C-8981-768E4D8DD255}"
EndProject
Project("{FAE04EC0-301F-11D3-BF4B-00C04F79EFBC}") = "AdSetDesafio.Web.API", "AdSetDesafio.Web.API\AdSetDesafio.Web.API.csproj", "{F26164BA-6DF1-4F10-B41D-3D6C15B6B05F}"
EndProject
Project("{FAE04EC0-301F-11D3-BF4B-00C04F79EFBC}") = "AdSetDesafio.Domain", "AdSetDesafio.Domain\AdSetDesafio.Domain.csproj", "{A04BD5A3-E7B1-454F-B1A8-040231F23DB0}"
	ProjectSection(ProjectDependencies) = postProject
		{03F1CC1C-9C96-4D41-A6C7-E20509A12BB0} = {03F1CC1C-9C96-4D41-A6C7-E20509A12BB0}
		{6FDBA940-4D0F-4882-A069-DC059E5FE739} = {6FDBA940-4D0F-4882-A069-DC059E5FE739}
		{75DCBC7A-3799-4ED7-9E4F-FC74AC521295} = {75DCBC7A-3799-4ED7-9E4F-FC74AC521295}
	EndProjectSection
EndProject
Project("{FAE04EC0-301F-11D3-BF4B-00C04F79EFBC}") = "AdSetDesafio.Domain.Common", "AdSetDesafio.Domain.Common\AdSetDesafio.Domain.Common.csproj", "{2B9BB179-D6D3-4ED9-B9B6-E76099AC2D66}"
	ProjectSection(ProjectDependencies) = postProject
		{6FDBA940-4D0F-4882-A069-DC059E5FE739} = {6FDBA940-4D0F-4882-A069-DC059E5FE739}
	EndProjectSection
EndProject
Project("{FAE04EC0-301F-11D3-BF4B-00C04F79EFBC}") = "AdSetDesafio.Infrastructure", "AdSetDesafio.Infrastructure\AdSetDesafio.Infrastructure.csproj", "{6FDBA940-4D0F-4882-A069-DC059E5FE739}"
EndProject
Project("{FAE04EC0-301F-11D3-BF4B-00C04F79EFBC}") = "AdSetDesafio.Infrastructure.AutoMapper", "AdSetDesafio.Infrastructure.AutoMapper\AdSetDesafio.Infrastructure.AutoMapper.csproj", "{464E10B7-3B4F-47D9-B3CA-32F8415A58EA}"
	ProjectSection(ProjectDependencies) = postProject
		{03F1CC1C-9C96-4D41-A6C7-E20509A12BB0} = {03F1CC1C-9C96-4D41-A6C7-E20509A12BB0}
		{2B9BB179-D6D3-4ED9-B9B6-E76099AC2D66} = {2B9BB179-D6D3-4ED9-B9B6-E76099AC2D66}
		{6FDBA940-4D0F-4882-A069-DC059E5FE739} = {6FDBA940-4D0F-4882-A069-DC059E5FE739}
		{75DCBC7A-3799-4ED7-9E4F-FC74AC521295} = {75DCBC7A-3799-4ED7-9E4F-FC74AC521295}
		{A04BD5A3-E7B1-454F-B1A8-040231F23DB0} = {A04BD5A3-E7B1-454F-B1A8-040231F23DB0}
	EndProjectSection
EndProject
Project("{FAE04EC0-301F-11D3-BF4B-00C04F79EFBC}") = "AdSetDesafio.Infrastructure.Sql", "AdSetDesafio.Infrastructure.Sql\AdSetDesafio.Infrastructure.Sql.csproj", "{FE597F37-F28D-4275-90A6-EDB296AFC507}"
	ProjectSection(ProjectDependencies) = postProject
		{2B9BB179-D6D3-4ED9-B9B6-E76099AC2D66} = {2B9BB179-D6D3-4ED9-B9B6-E76099AC2D66}
		{6FDBA940-4D0F-4882-A069-DC059E5FE739} = {6FDBA940-4D0F-4882-A069-DC059E5FE739}
		{A04BD5A3-E7B1-454F-B1A8-040231F23DB0} = {A04BD5A3-E7B1-454F-B1A8-040231F23DB0}
	EndProjectSection
EndProject
Project("{FAE04EC0-301F-11D3-BF4B-00C04F79EFBC}") = "AdSetDesafio.Infrastructure.ViewModel", "AdSetDesafio.Infrastructure.ViewModel\AdSetDesafio.Infrastructure.ViewModel.csproj", "{03F1CC1C-9C96-4D41-A6C7-E20509A12BB0}"
	ProjectSection(ProjectDependencies) = postProject
		{2B9BB179-D6D3-4ED9-B9B6-E76099AC2D66} = {2B9BB179-D6D3-4ED9-B9B6-E76099AC2D66}
	EndProjectSection
EndProject
Project("{00D1A9C2-B5F0-4AF3-8072-F6C62B433612}") = "AdSetDesafio.Database", "AdSetDesafio.Database\AdSetDesafio.Database.sqlproj", "{6E6A92CC-E746-4D3C-BDDD-F8CEC5377E79}"
EndProject
Project("{FAE04EC0-301F-11D3-BF4B-00C04F79EFBC}") = "AdSetDesafio.Adapters.XLSX", "AdSetDesafio.Adapters.XLSX\AdSetDesafio.Adapters.XLSX.csproj", "{75DCBC7A-3799-4ED7-9E4F-FC74AC521295}"
	ProjectSection(ProjectDependencies) = postProject
		{2B9BB179-D6D3-4ED9-B9B6-E76099AC2D66} = {2B9BB179-D6D3-4ED9-B9B6-E76099AC2D66}
	EndProjectSection
EndProject
Global
	GlobalSection(SolutionConfigurationPlatforms) = preSolution
		Debug|Any CPU = Debug|Any CPU
		Release|Any CPU = Release|Any CPU
	EndGlobalSection
	GlobalSection(ProjectConfigurationPlatforms) = postSolution
		{2A52FDF3-863B-482C-8981-768E4D8DD255}.Debug|Any CPU.ActiveCfg = Debug|Any CPU
		{2A52FDF3-863B-482C-8981-768E4D8DD255}.Debug|Any CPU.Build.0 = Debug|Any CPU
		{2A52FDF3-863B-482C-8981-768E4D8DD255}.Release|Any CPU.ActiveCfg = Release|Any CPU
		{2A52FDF3-863B-482C-8981-768E4D8DD255}.Release|Any CPU.Build.0 = Release|Any CPU
		{F26164BA-6DF1-4F10-B41D-3D6C15B6B05F}.Debug|Any CPU.ActiveCfg = Debug|Any CPU
		{F26164BA-6DF1-4F10-B41D-3D6C15B6B05F}.Debug|Any CPU.Build.0 = Debug|Any CPU
		{F26164BA-6DF1-4F10-B41D-3D6C15B6B05F}.Release|Any CPU.ActiveCfg = Release|Any CPU
		{F26164BA-6DF1-4F10-B41D-3D6C15B6B05F}.Release|Any CPU.Build.0 = Release|Any CPU
		{A04BD5A3-E7B1-454F-B1A8-040231F23DB0}.Debug|Any CPU.ActiveCfg = Debug|Any CPU
		{A04BD5A3-E7B1-454F-B1A8-040231F23DB0}.Debug|Any CPU.Build.0 = Debug|Any CPU
		{A04BD5A3-E7B1-454F-B1A8-040231F23DB0}.Release|Any CPU.ActiveCfg = Release|Any CPU
		{A04BD5A3-E7B1-454F-B1A8-040231F23DB0}.Release|Any CPU.Build.0 = Release|Any CPU
		{2B9BB179-D6D3-4ED9-B9B6-E76099AC2D66}.Debug|Any CPU.ActiveCfg = Debug|Any CPU
		{2B9BB179-D6D3-4ED9-B9B6-E76099AC2D66}.Debug|Any CPU.Build.0 = Debug|Any CPU
		{2B9BB179-D6D3-4ED9-B9B6-E76099AC2D66}.Release|Any CPU.ActiveCfg = Release|Any CPU
		{2B9BB179-D6D3-4ED9-B9B6-E76099AC2D66}.Release|Any CPU.Build.0 = Release|Any CPU
		{6FDBA940-4D0F-4882-A069-DC059E5FE739}.Debug|Any CPU.ActiveCfg = Debug|Any CPU
		{6FDBA940-4D0F-4882-A069-DC059E5FE739}.Debug|Any CPU.Build.0 = Debug|Any CPU
		{6FDBA940-4D0F-4882-A069-DC059E5FE739}.Release|Any CPU.ActiveCfg = Release|Any CPU
		{6FDBA940-4D0F-4882-A069-DC059E5FE739}.Release|Any CPU.Build.0 = Release|Any CPU
		{464E10B7-3B4F-47D9-B3CA-32F8415A58EA}.Debug|Any CPU.ActiveCfg = Debug|Any CPU
		{464E10B7-3B4F-47D9-B3CA-32F8415A58EA}.Debug|Any CPU.Build.0 = Debug|Any CPU
		{464E10B7-3B4F-47D9-B3CA-32F8415A58EA}.Release|Any CPU.ActiveCfg = Release|Any CPU
		{464E10B7-3B4F-47D9-B3CA-32F8415A58EA}.Release|Any CPU.Build.0 = Release|Any CPU
		{FE597F37-F28D-4275-90A6-EDB296AFC507}.Debug|Any CPU.ActiveCfg = Debug|Any CPU
		{FE597F37-F28D-4275-90A6-EDB296AFC507}.Debug|Any CPU.Build.0 = Debug|Any CPU
		{FE597F37-F28D-4275-90A6-EDB296AFC507}.Release|Any CPU.ActiveCfg = Release|Any CPU
		{FE597F37-F28D-4275-90A6-EDB296AFC507}.Release|Any CPU.Build.0 = Release|Any CPU
		{03F1CC1C-9C96-4D41-A6C7-E20509A12BB0}.Debug|Any CPU.ActiveCfg = Debug|Any CPU
		{03F1CC1C-9C96-4D41-A6C7-E20509A12BB0}.Debug|Any CPU.Build.0 = Debug|Any CPU
		{03F1CC1C-9C96-4D41-A6C7-E20509A12BB0}.Release|Any CPU.ActiveCfg = Release|Any CPU
		{03F1CC1C-9C96-4D41-A6C7-E20509A12BB0}.Release|Any CPU.Build.0 = Release|Any CPU
		{6E6A92CC-E746-4D3C-BDDD-F8CEC5377E79}.Debug|Any CPU.ActiveCfg = Debug|Any CPU
		{6E6A92CC-E746-4D3C-BDDD-F8CEC5377E79}.Debug|Any CPU.Build.0 = Debug|Any CPU
		{6E6A92CC-E746-4D3C-BDDD-F8CEC5377E79}.Debug|Any CPU.Deploy.0 = Debug|Any CPU
		{6E6A92CC-E746-4D3C-BDDD-F8CEC5377E79}.Release|Any CPU.ActiveCfg = Release|Any CPU
		{6E6A92CC-E746-4D3C-BDDD-F8CEC5377E79}.Release|Any CPU.Build.0 = Release|Any CPU
		{6E6A92CC-E746-4D3C-BDDD-F8CEC5377E79}.Release|Any CPU.Deploy.0 = Release|Any CPU
		{75DCBC7A-3799-4ED7-9E4F-FC74AC521295}.Debug|Any CPU.ActiveCfg = Debug|Any CPU
		{75DCBC7A-3799-4ED7-9E4F-FC74AC521295}.Debug|Any CPU.Build.0 = Debug|Any CPU
		{75DCBC7A-3799-4ED7-9E4F-FC74AC521295}.Release|Any CPU.ActiveCfg = Release|Any CPU
		{75DCBC7A-3799-4ED7-9E4F-FC74AC521295}.Release|Any CPU.Build.0 = Release|Any CPU
	EndGlobalSection
	GlobalSection(SolutionProperties) = preSolution
		HideSolutionNode = FALSE
	EndGlobalSection
	GlobalSection(NestedProjects) = preSolution
		{2A52FDF3-863B-482C-8981-768E4D8DD255} = {B99CE384-BF57-45A2-93CD-F1F3AD76D261}
		{F26164BA-6DF1-4F10-B41D-3D6C15B6B05F} = {B99CE384-BF57-45A2-93CD-F1F3AD76D261}
		{A04BD5A3-E7B1-454F-B1A8-040231F23DB0} = {2413034C-B545-4B52-A33E-BFC623C4A73B}
		{2B9BB179-D6D3-4ED9-B9B6-E76099AC2D66} = {2413034C-B545-4B52-A33E-BFC623C4A73B}
		{6FDBA940-4D0F-4882-A069-DC059E5FE739} = {FBC64368-474F-4437-8147-F475ED61E962}
		{464E10B7-3B4F-47D9-B3CA-32F8415A58EA} = {FBC64368-474F-4437-8147-F475ED61E962}
		{FE597F37-F28D-4275-90A6-EDB296AFC507} = {FBC64368-474F-4437-8147-F475ED61E962}
		{03F1CC1C-9C96-4D41-A6C7-E20509A12BB0} = {FBC64368-474F-4437-8147-F475ED61E962}
		{6E6A92CC-E746-4D3C-BDDD-F8CEC5377E79} = {51195208-E0DC-49B8-BB7C-29815CBA6BB1}
		{75DCBC7A-3799-4ED7-9E4F-FC74AC521295} = {6C294D57-788C-4918-A4E5-6692EE6D1607}
	EndGlobalSection
	GlobalSection(ExtensibilityGlobals) = postSolution
		SolutionGuid = {B17B1BFC-E28A-492F-9585-5F79236E04F6}
	EndGlobalSection
EndGlobal
